{
  "name": "wsedit",
  "version": "0.1.0",
  "lockfileVersion": 3,
  "requires": true,
  "packages": {
    "": {
      "name": "wsedit",
      "version": "0.1.0",
      "license": "ISC",
      "devDependencies": {
        "wscodec": "^0.3.0"
      }
    },
    "node_modules/wscodec": {
      "version": "0.3.0",
      "resolved": "https://registry.npmjs.org/wscodec/-/wscodec-0.3.0.tgz",
      "integrity": "sha512-pAck4wVCrqEE7SZdwiIN0Ki6udvHpvrEysB1vrjCanmp9FfOg+/7PaD7RigzdBu2KMe4dfepOBDR/2Gb+5NH7g==",
      "dev": true,
      "license": "MIT",
      "engines": {
        "node": ">=20"
      }
    }
  }
}
